
Microsoft Visual Studio Solution File, Format Version 12.00
# Visual Studio Version 17
VisualStudioVersion = 17.14.36109.1 d17.14
MinimumVisualStudioVersion = 10.0.40219.1
Project("{8BC9CEB8-8B4A-11D0-8D11-00A0C91BC942}") = "MNS_PMN_3_2a", "MNS_PMN_3_2a\MNS_PMN_3_2a.vcxproj", "{B706589A-D186-40FB-B0FB-AE2C4EC830E6}"
EndProject
Global
	GlobalSection(SolutionConfigurationPlatforms) = preSolution
		Debug|x64 = Debug|x64
		Debug|x86 = Debug|x86
		Release|x64 = Release|x64
		Release|x86 = Release|x86
	EndGlobalSection
	GlobalSection(ProjectConfigurationPlatforms) = postSolution
		{B706589A-D186-40FB-B0FB-AE2C4EC830E6}.Debug|x64.ActiveCfg = Debug|x64
		{B706589A-D186-40FB-B0FB-AE2C4EC830E6}.Debug|x64.Build.0 = Debug|x64
		{B706589A-D186-40FB-B0FB-AE2C4EC830E6}.Debug|x86.ActiveCfg = Debug|Win32
		{B706589A-D186-40FB-B0FB-AE2C4EC830E6}.Debug|x86.Build.0 = Debug|Win32
		{B706589A-D186-40FB-B0FB-AE2C4EC830E6}.Release|x64.ActiveCfg = Release|x64
		{B706589A-D186-40FB-B0FB-AE2C4EC830E6}.Release|x64.Build.0 = Release|x64
		{B706589A-D186-40FB-B0FB-AE2C4EC830E6}.Release|x86.ActiveCfg = Release|Win32
		{B706589A-D186-40FB-B0FB-AE2C4EC830E6}.Release|x86.Build.0 = Release|Win32
	EndGlobalSection
	GlobalSection(SolutionProperties) = preSolution
		HideSolutionNode = FALSE
	EndGlobalSection
	GlobalSection(ExtensibilityGlobals) = postSolution
		SolutionGuid = {D6F44D5A-FD63-47F8-B042-DB723E13A8E8}
	EndGlobalSection
EndGlobal
